{
  "name": "assets",
  "version": "1.0.0",
  "lockfileVersion": 3,
  "requires": true,
  "packages": {
    "": {
      "name": "assets",
      "version": "1.0.0",
      "license": "ISC",
      "dependencies": {
        "pdfjs-dist": "^5.3.31"
      }
    },
    "node_modules/@napi-rs/canvas": {
      "version": "0.1.73",
      "resolved": "https://registry.npmjs.org/@napi-rs/canvas/-/canvas-0.1.73.tgz",
      "integrity": "sha512-9iwPZrNlCK4rG+vWyDvyvGeYjck9MoP0NVQP6N60gqJNFA1GsN0imG05pzNsqfCvFxUxgiTYlR8ff0HC1HXJiw==",
      "license": "MIT",
      "optional": true,
      "workspaces": [
        "e2e/*"
      ],
      "engines": {
        "node": ">= 10"
      },
      "optionalDependencies": {
        "@napi-rs/canvas-android-arm64": "0.1.73",
        "@napi-rs/canvas-darwin-arm64": "0.1.73",
        "@napi-rs/canvas-darwin-x64": "0.1.73",
        "@napi-rs/canvas-linux-arm-gnueabihf": "0.1.73",
        "@napi-rs/canvas-linux-arm64-gnu": "0.1.73",
        "@napi-rs/canvas-linux-arm64-musl": "0.1.73",
        "@napi-rs/canvas-linux-riscv64-gnu": "0.1.73",
        "@napi-rs/canvas-linux-x64-gnu": "0.1.73",
        "@napi-rs/canvas-linux-x64-musl": "0.1.73",
        "@napi-rs/canvas-win32-x64-msvc": "0.1.73"
      }
    },
    "node_modules/@napi-rs/canvas-android-arm64": {
      "version": "0.1.73",
      "resolved": "https://registry.npmjs.org/@napi-rs/canvas-android-arm64/-/canvas-android-arm64-0.1.73.tgz",
      "integrity": "sha512-s8dMhfYIHVv7gz8BXg3Nb6cFi950Y0xH5R/sotNZzUVvU9EVqHfkqiGJ4UIqu+15UhqguT6mI3Bv1mhpRkmMQw==",
      "cpu": [
        "arm64"
      ],
      "license": "MIT",
      "optional": true,
      "os": [
        "android"
      ],
      "engines": {
        "node": ">= 10"
      }
    },
    "node_modules/@napi-rs/canvas-darwin-arm64": {
      "version": "0.1.73",
      "resolved": "https://registry.npmjs.org/@napi-rs/canvas-darwin-arm64/-/canvas-darwin-arm64-0.1.73.tgz",
      "integrity": "sha512-bLPCq8Yyq1vMdVdIpQAqmgf6VGUknk8e7NdSZXJJFOA9gxkJ1RGcHOwoXo7h0gzhHxSorg71hIxyxtwXpq10Rw==",
      "cpu": [
        "arm64"
      ],
      "license": "MIT",
      "optional": true,
      "os": [
        "darwin"
      ],
      "engines": {
        "node": ">= 10"
      }
    },
    "node_modules/@napi-rs/canvas-darwin-x64": {
      "version": "0.1.73",
      "resolved": "https://registry.npmjs.org/@napi-rs/canvas-darwin-x64/-/canvas-darwin-x64-0.1.73.tgz",
      "integrity": "sha512-GR1CcehDjdNYXN3bj8PIXcXfYLUUOQANjQpM+KNnmpRo7ojsuqPjT7ZVH+6zoG/aqRJWhiSo+ChQMRazZlRU9g==",
      "cpu": [
        "x64"
      ],
      "license": "MIT",
      "optional": true,
      "os": [
        "darwin"
      ],
      "engines": {
        "node": ">= 10"
      }
    },
    "node_modules/@napi-rs/canvas-linux-arm-gnueabihf": {
      "version": "0.1.73",
      "resolved": "https://registry.npmjs.org/@napi-rs/canvas-linux-arm-gnueabihf/-/canvas-linux-arm-gnueabihf-0.1.73.tgz",
      "integrity": "sha512-cM7F0kBJVFio0+U2iKSW4fWSfYQ8CPg4/DRZodSum/GcIyfB8+UPJSRM1BvvlcWinKLfX1zUYOwonZX9IFRRcw==",
      "cpu": [
        "arm"
      ],
      "license": "MIT",
      "optional": true,
      "os": [
        "linux"
      ],
      "engines": {
        "node": ">= 10"
      }
    },
    "node_modules/@napi-rs/canvas-linux-arm64-gnu": {
      "version": "0.1.73",
      "resolved": "https://registry.npmjs.org/@napi-rs/canvas-linux-arm64-gnu/-/canvas-linux-arm64-gnu-0.1.73.tgz",
      "integrity": "sha512-PMWNrMON9uz9klz1B8ZY/RXepQSC5dxxHQTowfw93Tb3fLtWO5oNX2k9utw7OM4ypT9BUZUWJnDQ5bfuXc/EUQ==",
      "cpu": [
        "arm64"
      ],
      "license": "MIT",
      "optional": true,
      "os": [
        "linux"
      ],
      "engines": {
        "node": ">= 10"
      }
    },
    "node_modules/@napi-rs/canvas-linux-arm64-musl": {
      "version": "0.1.73",
      "resolved": "https://registry.npmjs.org/@napi-rs/canvas-linux-arm64-musl/-/canvas-linux-arm64-musl-0.1.73.tgz",
      "integrity": "sha512-lX0z2bNmnk1PGZ+0a9OZwI2lPPvWjRYzPqvEitXX7lspyLFrOzh2kcQiLL7bhyODN23QvfriqwYqp5GreSzVvA==",
      "cpu": [
        "arm64"
      ],
      "license": "MIT",
      "optional": true,
      "os": [
        "linux"
      ],
      "engines": {
        "node": ">= 10"
      }
    },
    "node_modules/@napi-rs/canvas-linux-riscv64-gnu": {
      "version": "0.1.73",
      "resolved": "https://registry.npmjs.org/@napi-rs/canvas-linux-riscv64-gnu/-/canvas-linux-riscv64-gnu-0.1.73.tgz",
      "integrity": "sha512-QDQgMElwxAoADsSR3UYvdTTQk5XOyD9J5kq15Z8XpGwpZOZsSE0zZ/X1JaOtS2x+HEZL6z1S6MF/1uhZFZb5ig==",
      "cpu": [
        "riscv64"
      ],
      "license": "MIT",
      "optional": true,
      "os": [
        "linux"
      ],
      "engines": {
        "node": ">= 10"
      }
    },
    "node_modules/@napi-rs/canvas-linux-x64-gnu": {
      "version": "0.1.73",
      "resolved": "https://registry.npmjs.org/@napi-rs/canvas-linux-x64-gnu/-/canvas-linux-x64-gnu-0.1.73.tgz",
      "integrity": "sha512-wbzLJrTalQrpyrU1YRrO6w6pdr5vcebbJa+Aut5QfTaW9eEmMb1WFG6l1V+cCa5LdHmRr8bsvl0nJDU/IYDsmw==",
      "cpu": [
        "x64"
      ],
      "license": "MIT",
      "optional": true,
      "os": [
        "linux"
      ],
      "engines": {
        "node": ">= 10"
      }
    },
    "node_modules/@napi-rs/canvas-linux-x64-musl": {
      "version": "0.1.73",
      "resolved": "https://registry.npmjs.org/@napi-rs/canvas-linux-x64-musl/-/canvas-linux-x64-musl-0.1.73.tgz",
      "integrity": "sha512-xbfhYrUufoTAKvsEx2ZUN4jvACabIF0h1F5Ik1Rk4e/kQq6c+Dwa5QF0bGrfLhceLpzHT0pCMGMDeQKQrcUIyA==",
      "cpu": [
        "x64"
      ],
      "license": "MIT",
      "optional": true,
      "os": [
        "linux"
      ],
      "engines": {
        "node": ">= 10"
      }
    },
    "node_modules/@napi-rs/canvas-win32-x64-msvc": {
      "version": "0.1.73",
      "resolved": "https://registry.npmjs.org/@napi-rs/canvas-win32-x64-msvc/-/canvas-win32-x64-msvc-0.1.73.tgz",
      "integrity": "sha512-YQmHXBufFBdWqhx+ympeTPkMfs3RNxaOgWm59vyjpsub7Us07BwCcmu1N5kildhO8Fm0syoI2kHnzGkJBLSvsg==",
      "cpu": [
        "x64"
      ],
      "license": "MIT",
      "optional": true,
      "os": [
        "win32"
      ],
      "engines": {
        "node": ">= 10"
      }
    },
    "node_modules/pdfjs-dist": {
      "version": "5.3.31",
      "resolved": "https://registry.npmjs.org/pdfjs-dist/-/pdfjs-dist-5.3.31.tgz",
      "integrity": "sha512-EhPdIjNX0fcdwYQO+e3BAAJPXt+XI29TZWC7COhIXs/K0JHcUt1Gdz1ITpebTwVMFiLsukdUZ3u0oTO7jij+VA==",
      "license": "Apache-2.0",
      "engines": {
        "node": ">=20.16.0 || >=22.3.0"
      },
      "optionalDependencies": {
        "@napi-rs/canvas": "^0.1.67"
      }
    }
  }
}
